// !$*UTF8*$!
{
	archiveVersion = 1;
	classes = {
	};
	objectVersion = 50;
	objects = {

/* Begin PBXBuildFile section */
		6F6B9CFE26C2FCBF008D5789 /* GenericApp.swift in Sources */ = {isa = PBXBuildFile; fileRef = 6F6B9CFD26C2FCBF008D5789 /* GenericApp.swift */; };
		6F6B9D0026C2FCBF008D5789 /* ContentView.swift in Sources */ = {isa = PBXBuildFile; fileRef = 6F6B9CFF26C2FCBF008D5789 /* ContentView.swift */; };
		6F6B9D0226C2FCC1008D5789 /* Assets.xcassets in Resources */ = {isa = PBXBuildFile; fileRef = 6F6B9D0126C2FCC1008D5789 /* Assets.xcassets */; };
		6F6B9D0526C2FCC1008D5789 /* Preview Assets.xcassets in Resources */ = {isa = PBXBuildFile; fileRef = 6F6B9D0426C2FCC1008D5789 /* Preview Assets.xcassets */; };
		6F6B9D1026C2FCC1008D5789 /* GenericTests.swift in Sources */ = {isa = PBXBuildFile; fileRef = 6F6B9D0F26C2FCC1008D5789 /* GenericTests.swift */; };
		6F6B9D1B26C2FCC1008D5789 /* GenericUITests.swift in Sources */ = {isa = PBXBuildFile; fileRef = 6F6B9D1A26C2FCC1008D5789 /* GenericUITests.swift */; };
		6F6B9D2926C2FE67008D5789 /* FirstPage.swift in Sources */ = {isa = PBXBuildFile; fileRef = 6F6B9D2826C2FE67008D5789 /* FirstPage.swift */; };
		6F6B9D2B26C2FE99008D5789 /* SecondPage.swift in Sources */ = {isa = PBXBuildFile; fileRef = 6F6B9D2A26C2FE99008D5789 /* SecondPage.swift */; };
/* End PBXBuildFile section */

/* Begin PBXContainerItemProxy section */
		6F6B9D0C26C2FCC1008D5789 /* PBXContainerItemProxy */ = {
			isa = PBXContainerItemProxy;
			containerPortal = 6F6B9CF226C2FCBF008D5789 /* Project object */;
			proxyType = 1;
			remoteGlobalIDString = 6F6B9CF926C2FCBF008D5789;
			remoteInfo = Generic;
		};
		6F6B9D1726C2FCC1008D5789 /* PBXContainerItemProxy */ = {
			isa = PBXContainerItemProxy;
			containerPortal = 6F6B9CF226C2FCBF008D5789 /* Project object */;
			proxyType = 1;
			remoteGlobalIDString = 6F6B9CF926C2FCBF008D5789;
			remoteInfo = Generic;
		};
/* End PBXContainerItemProxy section */

/* Begin PBXFileReference section */
		6F310BC526CED5C500DFFD31 /* BoxObject.rcproject */ = {isa = PBXFileReference; lastKnownFileType = file.rcproject; path = BoxObject.rcproject; sourceTree = "<group>"; };
		6F6B9CFA26C2FCBF008D5789 /* Generic.app */ = {isa = PBXFileReference; explicitFileType = wrapper.application; includeInIndex = 0; path = Generic.app; sourceTree = BUILT_PRODUCTS_DIR; };
		6F6B9CFD26C2FCBF008D5789 /* GenericApp.swift */ = {isa = PBXFileReference; lastKnownFileType = sourcecode.swift; path = GenericApp.swift; sourceTree = "<group>"; };
		6F6B9CFF26C2FCBF008D5789 /* ContentView.swift */ = {isa = PBXFileReference; lastKnownFileType = sourcecode.swift; path = ContentView.swift; sourceTree = "<group>"; };
		6F6B9D0126C2FCC1008D5789 /* Assets.xcassets */ = {isa = PBXFileReference; lastKnownFileType = folder.assetcatalog; path = Assets.xcassets; sourceTree = "<group>"; };
		6F6B9D0426C2FCC1008D5789 /* Preview Assets.xcassets */ = {isa = PBXFileReference; lastKnownFileType = folder.assetcatalog; path = "Preview Assets.xcassets"; sourceTree = "<group>"; };
		6F6B9D0626C2FCC1008D5789 /* Info.plist */ = {isa = PBXFileReference; lastKnownFileType = text.plist.xml; path = Info.plist; sourceTree = "<group>"; };
		6F6B9D0B26C2FCC1008D5789 /* GenericTests.xctest */ = {isa = PBXFileReference; explicitFileType = wrapper.cfbundle; includeInIndex = 0; path = GenericTests.xctest; sourceTree = BUILT_PRODUCTS_DIR; };
		6F6B9D0F26C2FCC1008D5789 /* GenericTests.swift */ = {isa = PBXFileReference; lastKnownFileType = sourcecode.swift; path = GenericTests.swift; sourceTree = "<group>"; };
		6F6B9D1126C2FCC1008D5789 /* Info.plist */ = {isa = PBXFileReference; lastKnownFileType = text.plist.xml; path = Info.plist; sourceTree = "<group>"; };
		6F6B9D1626C2FCC1008D5789 /* GenericUITests.xctest */ = {isa = PBXFileReference; explicitFileType = wrapper.cfbundle; includeInIndex = 0; path = GenericUITests.xctest; sourceTree = BUILT_PRODUCTS_DIR; };
		6F6B9D1A26C2FCC1008D5789 /* GenericUITests.swift */ = {isa = PBXFileReference; lastKnownFileType = sourcecode.swift; path = GenericUITests.swift; sourceTree = "<group>"; };
		6F6B9D1C26C2FCC1008D5789 /* Info.plist */ = {isa = PBXFileReference; lastKnownFileType = text.plist.xml; path = Info.plist; sourceTree = "<group>"; };
		6F6B9D2826C2FE67008D5789 /* FirstPage.swift */ = {isa = PBXFileReference; lastKnownFileType = sourcecode.swift; path = FirstPage.swift; sourceTree = "<group>"; };
		6F6B9D2A26C2FE99008D5789 /* SecondPage.swift */ = {isa = PBXFileReference; lastKnownFileType = sourcecode.swift; path = SecondPage.swift; sourceTree = "<group>"; };
/* End PBXFileReference section */

/* Begin PBXFrameworksBuildPhase section */
		6F6B9CF726C2FCBF008D5789 /* Frameworks */ = {
			isa = PBXFrameworksBuildPhase;
			buildActionMask = 2147483647;
			files = (
			);
			runOnlyForDeploymentPostprocessing = 0;
		};
		6F6B9D0826C2FCC1008D5789 /* Frameworks */ = {
			isa = PBXFrameworksBuildPhase;
			buildActionMask = 2147483647;
			files = (
			);
			runOnlyForDeploymentPostprocessing = 0;
		};
		6F6B9D1326C2FCC1008D5789 /* Frameworks */ = {
			isa = PBXFrameworksBuildPhase;
			buildActionMask = 2147483647;
			files = (
			);
			runOnlyForDeploymentPostprocessing = 0;
		};
/* End PBXFrameworksBuildPhase section */

/* Begin PBXGroup section */
		6F37DC7D26CEDEFD007E0C68 /* Model */ = {
			isa = PBXGroup;
			children = (
			);
			path = Model;
			sourceTree = "<group>";
		};
		6F6B9CF126C2FCBF008D5789 = {
			isa = PBXGroup;
			children = (
				6F6B9CFC26C2FCBF008D5789 /* Generic */,
				6F6B9D0E26C2FCC1008D5789 /* GenericTests */,
				6F6B9D1926C2FCC1008D5789 /* GenericUITests */,
				6F6B9CFB26C2FCBF008D5789 /* Products */,
			);
			sourceTree = "<group>";
		};
		6F6B9CFB26C2FCBF008D5789 /* Products */ = {
			isa = PBXGroup;
			children = (
				6F6B9CFA26C2FCBF008D5789 /* Generic.app */,
				6F6B9D0B26C2FCC1008D5789 /* GenericTests.xctest */,
				6F6B9D1626C2FCC1008D5789 /* GenericUITests.xctest */,
			);
			name = Products;
			sourceTree = "<group>";
		};
		6F6B9CFC26C2FCBF008D5789 /* Generic */ = {
			isa = PBXGroup;
			children = (
				6F310BC526CED5C500DFFD31 /* BoxObject.rcproject */,
				6F37DC7D26CEDEFD007E0C68 /* Model */,
				6F6B9CFD26C2FCBF008D5789 /* GenericApp.swift */,
				6F6B9CFF26C2FCBF008D5789 /* ContentView.swift */,
				6F6B9D0126C2FCC1008D5789 /* Assets.xcassets */,
				6F6B9D0626C2FCC1008D5789 /* Info.plist */,
				6F6B9D0326C2FCC1008D5789 /* Preview Content */,
				6F6B9D2826C2FE67008D5789 /* FirstPage.swift */,
				6F6B9D2A26C2FE99008D5789 /* SecondPage.swift */,
			);
			path = Generic;
			sourceTree = "<group>";
		};
		6F6B9D0326C2FCC1008D5789 /* Preview Content */ = {
			isa = PBXGroup;
			children = (
				6F6B9D0426C2FCC1008D5789 /* Preview Assets.xcassets */,
			);
			path = "Preview Content";
			sourceTree = "<group>";
		};
		6F6B9D0E26C2FCC1008D5789 /* GenericTests */ = {
			isa = PBXGroup;
			children = (
				6F6B9D0F26C2FCC1008D5789 /* GenericTests.swift */,
				6F6B9D1126C2FCC1008D5789 /* Info.plist */,
			);
			path = GenericTests;
			sourceTree = "<group>";
		};
		6F6B9D1926C2FCC1008D5789 /* GenericUITests */ = {
			isa = PBXGroup;
			children = (
				6F6B9D1A26C2FCC1008D5789 /* GenericUITests.swift */,
				6F6B9D1C26C2FCC1008D5789 /* Info.plist */,
			);
			path = GenericUITests;
			sourceTree = "<group>";
		};
/* End PBXGroup section */

/* Begin PBXNativeTarget section */
		6F6B9CF926C2FCBF008D5789 /* Generic */ = {
			isa = PBXNativeTarget;
			buildConfigurationList = 6F6B9D1F26C2FCC1008D5789 /* Build configuration list for PBXNativeTarget "Generic" */;
			buildPhases = (
				6F6B9CF626C2FCBF008D5789 /* Sources */,
				6F6B9CF726C2FCBF008D5789 /* Frameworks */,
				6F6B9CF826C2FCBF008D5789 /* Resources */,
			);
			buildRules = (
			);
			dependencies = (
			);
			name = Generic;
			productName = Generic;
			productReference = 6F6B9CFA26C2FCBF008D5789 /* Generic.app */;
			productType = "com.apple.product-type.application";
		};
		6F6B9D0A26C2FCC1008D5789 /* GenericTests */ = {
			isa = PBXNativeTarget;
			buildConfigurationList = 6F6B9D2226C2FCC1008D5789 /* Build configuration list for PBXNativeTarget "GenericTests" */;
			buildPhases = (
				6F6B9D0726C2FCC1008D5789 /* Sources */,
				6F6B9D0826C2FCC1008D5789 /* Frameworks */,
				6F6B9D0926C2FCC1008D5789 /* Resources */,
			);
			buildRules = (
			);
			dependencies = (
				6F6B9D0D26C2FCC1008D5789 /* PBXTargetDependency */,
			);
			name = GenericTests;
			productName = GenericTests;
			productReference = 6F6B9D0B26C2FCC1008D5789 /* GenericTests.xctest */;
			productType = "com.apple.product-type.bundle.unit-test";
		};
		6F6B9D1526C2FCC1008D5789 /* GenericUITests */ = {
			isa = PBXNativeTarget;
			buildConfigurationList = 6F6B9D2526C2FCC1008D5789 /* Build configuration list for PBXNativeTarget "GenericUITests" */;
			buildPhases = (
				6F6B9D1226C2FCC1008D5789 /* Sources */,
				6F6B9D1326C2FCC1008D5789 /* Frameworks */,
				6F6B9D1426C2FCC1008D5789 /* Resources */,
			);
			buildRules = (
			);
			dependencies = (
				6F6B9D1826C2FCC1008D5789 /* PBXTargetDependency */,
			);
			name = GenericUITests;
			productName = GenericUITests;
			productReference = 6F6B9D1626C2FCC1008D5789 /* GenericUITests.xctest */;
			productType = "com.apple.product-type.bundle.ui-testing";
		};
/* End PBXNativeTarget section */

/* Begin PBXProject section */
		6F6B9CF226C2FCBF008D5789 /* Project object */ = {
			isa = PBXProject;
			attributes = {
				LastSwiftUpdateCheck = 1250;
				LastUpgradeCheck = 1250;
				TargetAttributes = {
					6F6B9CF926C2FCBF008D5789 = {
						CreatedOnToolsVersion = 12.5.1;
					};
					6F6B9D0A26C2FCC1008D5789 = {
						CreatedOnToolsVersion = 12.5.1;
						TestTargetID = 6F6B9CF926C2FCBF008D5789;
					};
					6F6B9D1526C2FCC1008D5789 = {
						CreatedOnToolsVersion = 12.5.1;
						TestTargetID = 6F6B9CF926C2FCBF008D5789;
					};
				};
			};
			buildConfigurationList = 6F6B9CF526C2FCBF008D5789 /* Build configuration list for PBXProject "Generic" */;
			compatibilityVersion = "Xcode 9.3";
			developmentRegion = en;
			hasScannedForEncodings = 0;
			knownRegions = (
				en,
				Base,
			);
			mainGroup = 6F6B9CF126C2FCBF008D5789;
			productRefGroup = 6F6B9CFB26C2FCBF008D5789 /* Products */;
			projectDirPath = "";
			projectRoot = "";
			targets = (
				6F6B9CF926C2FCBF008D5789 /* Generic */,
				6F6B9D0A26C2FCC1008D5789 /* GenericTests */,
				6F6B9D1526C2FCC1008D5789 /* GenericUITests */,
			);
		};
/* End PBXProject section */

/* Begin PBXResourcesBuildPhase section */
		6F6B9CF826C2FCBF008D5789 /* Resources */ = {
			isa = PBXResourcesBuildPhase;
			buildActionMask = 2147483647;
			files = (
				6F6B9D0526C2FCC1008D5789 /* Preview Assets.xcassets in Resources */,
				6F6B9D0226C2FCC1008D5789 /* Assets.xcassets in Resources */,
			);
			runOnlyForDeploymentPostprocessing = 0;
		};
		6F6B9D0926C2FCC1008D5789 /* Resources */ = {
			isa = PBXResourcesBuildPhase;
			buildActionMask = 2147483647;
			files = (
			);
			runOnlyForDeploymentPostprocessing = 0;
		};
		6F6B9D1426C2FCC1008D5789 /* Resources */ = {
			isa = PBXResourcesBuildPhase;
			buildActionMask = 2147483647;
			files = (
			);
			runOnlyForDeploymentPostprocessing = 0;
		};
/* End PBXResourcesBuildPhase section */

/* Begin PBXSourcesBuildPhase section */
		6F6B9CF626C2FCBF008D5789 /* Sources */ = {
			isa = PBXSourcesBuildPhase;
			buildActionMask = 2147483647;
			files = (
				6F6B9D2B26C2FE99008D5789 /* SecondPage.swift in Sources */,
				6F6B9D0026C2FCBF008D5789 /* ContentView.swift in Sources */,
				6F6B9CFE26C2FCBF008D5789 /* GenericApp.swift in Sources */,
				6F6B9D2926C2FE67008D5789 /* FirstPage.swift in Sources */,
			);
			runOnlyForDeploymentPostprocessing = 0;
		};
		6F6B9D0726C2FCC1008D5789 /* Sources */ = {
			isa = PBXSourcesBuildPhase;
			buildActionMask = 2147483647;
			files = (
				6F6B9D1026C2FCC1008D5789 /* GenericTests.swift in Sources */,
			);
			runOnlyForDeploymentPostprocessing = 0;
		};
		6F6B9D1226C2FCC1008D5789 /* Sources */ = {
			isa = PBXSourcesBuildPhase;
			buildActionMask = 2147483647;
			files = (
				6F6B9D1B26C2FCC1008D5789 /* GenericUITests.swift in Sources */,
			);
			runOnlyForDeploymentPostprocessing = 0;
		};
/* End PBXSourcesBuildPhase section */

/* Begin PBXTargetDependency section */
		6F6B9D0D26C2FCC1008D5789 /* PBXTargetDependency */ = {
			isa = PBXTargetDependency;
			target = 6F6B9CF926C2FCBF008D5789 /* Generic */;
			targetProxy = 6F6B9D0C26C2FCC1008D5789 /* PBXContainerItemProxy */;
		};
		6F6B9D1826C2FCC1008D5789 /* PBXTargetDependency */ = {
			isa = PBXTargetDependency;
			target = 6F6B9CF926C2FCBF008D5789 /* Generic */;
			targetProxy = 6F6B9D1726C2FCC1008D5789 /* PBXContainerItemProxy */;
		};
/* End PBXTargetDependency section */

/* Begin XCBuildConfiguration section */
		6F6B9D1D26C2FCC1008D5789 /* Debug */ = {
			isa = XCBuildConfiguration;
			buildSettings = {
				ALWAYS_SEARCH_USER_PATHS = NO;
				CLANG_ANALYZER_NONNULL = YES;
				CLANG_ANALYZER_NUMBER_OBJECT_CONVERSION = YES_AGGRESSIVE;
				CLANG_CXX_LANGUAGE_STANDARD = "gnu++14";
				CLANG_CXX_LIBRARY = "libc++";
				CLANG_ENABLE_MODULES = YES;
				CLANG_ENABLE_OBJC_ARC = YES;
				CLANG_ENABLE_OBJC_WEAK = YES;
				CLANG_WARN_BLOCK_CAPTURE_AUTORELEASING = YES;
				CLANG_WARN_BOOL_CONVERSION = YES;
				CLANG_WARN_COMMA = YES;
				CLANG_WARN_CONSTANT_CONVERSION = YES;
				CLANG_WARN_DEPRECATED_OBJC_IMPLEMENTATIONS = YES;
				CLANG_WARN_DIRECT_OBJC_ISA_USAGE = YES_ERROR;
				CLANG_WARN_DOCUMENTATION_COMMENTS = YES;
				CLANG_WARN_EMPTY_BODY = YES;
				CLANG_WARN_ENUM_CONVERSION = YES;
				CLANG_WARN_INFINITE_RECURSION = YES;
				CLANG_WARN_INT_CONVERSION = YES;
				CLANG_WARN_NON_LITERAL_NULL_CONVERSION = YES;
				CLANG_WARN_OBJC_IMPLICIT_RETAIN_SELF = YES;
				CLANG_WARN_OBJC_LITERAL_CONVERSION = YES;
				CLANG_WARN_OBJC_ROOT_CLASS = YES_ERROR;
				CLANG_WARN_QUOTED_INCLUDE_IN_FRAMEWORK_HEADER = YES;
				CLANG_WARN_RANGE_LOOP_ANALYSIS = YES;
				CLANG_WARN_STRICT_PROTOTYPES = YES;
				CLANG_WARN_SUSPICIOUS_MOVE = YES;
				CLANG_WARN_UNGUARDED_AVAILABILITY = YES_AGGRESSIVE;
				CLANG_WARN_UNREACHABLE_CODE = YES;
				CLANG_WARN__DUPLICATE_METHOD_MATCH = YES;
				COPY_PHASE_STRIP = NO;
				DEBUG_INFORMATION_FORMAT = dwarf;
				ENABLE_STRICT_OBJC_MSGSEND = YES;
				ENABLE_TESTABILITY = YES;
				GCC_C_LANGUAGE_STANDARD = gnu11;
				GCC_DYNAMIC_NO_PIC = NO;
				GCC_NO_COMMON_BLOCKS = YES;
				GCC_OPTIMIZATION_LEVEL = 0;
				GCC_PREPROCESSOR_DEFINITIONS = (
					"DEBUG=1",
					"$(inherited)",
				);
				GCC_WARN_64_TO_32_BIT_CONVERSION = YES;
				GCC_WARN_ABOUT_RETURN_TYPE = YES_ERROR;
				GCC_WARN_UNDECLARED_SELECTOR = YES;
				GCC_WARN_UNINITIALIZED_AUTOS = YES_AGGRESSIVE;
				GCC_WARN_UNUSED_FUNCTION = YES;
				GCC_WARN_UNUSED_VARIABLE = YES;
				IPHONEOS_DEPLOYMENT_TARGET = 14.5;
				MTL_ENABLE_DEBUG_INFO = INCLUDE_SOURCE;
				MTL_FAST_MATH = YES;
				ONLY_ACTIVE_ARCH = YES;
				SDKROOT = iphoneos;
				SWIFT_ACTIVE_COMPILATION_CONDITIONS = DEBUG;
				SWIFT_OPTIMIZATION_LEVEL = "-Onone";
			};
			name = Debug;
		};
		6F6B9D1E26C2FCC1008D5789 /* Release */ = {
			isa = XCBuildConfiguration;
			buildSettings = {
				ALWAYS_SEARCH_USER_PATHS = NO;
				CLANG_ANALYZER_NONNULL = YES;
				CLANG_ANALYZER_NUMBER_OBJECT_CONVERSION = YES_AGGRESSIVE;
				CLANG_CXX_LANGUAGE_STANDARD = "gnu++14";
				CLANG_CXX_LIBRARY = "libc++";
				CLANG_ENABLE_MODULES = YES;
				CLANG_ENABLE_OBJC_ARC = YES;
				CLANG_ENABLE_OBJC_WEAK = YES;
				CLANG_WARN_BLOCK_CAPTURE_AUTORELEASING = YES;
				CLANG_WARN_BOOL_CONVERSION = YES;
				CLANG_WARN_COMMA = YES;
				CLANG_WARN_CONSTANT_CONVERSION = YES;
				CLANG_WARN_DEPRECATED_OBJC_IMPLEMENTATIONS = YES;
				CLANG_WARN_DIRECT_OBJC_ISA_USAGE = YES_ERROR;
				CLANG_WARN_DOCUMENTATION_COMMENTS = YES;
				CLANG_WARN_EMPTY_BODY = YES;
				CLANG_WARN_ENUM_CONVERSION = YES;
				CLANG_WARN_INFINITE_RECURSION = YES;
				CLANG_WARN_INT_CONVERSION = YES;
				CLANG_WARN_NON_LITERAL_NULL_CONVERSION = YES;
				CLANG_WARN_OBJC_IMPLICIT_RETAIN_SELF = YES;
				CLANG_WARN_OBJC_LITERAL_CONVERSION = YES;
				CLANG_WARN_OBJC_ROOT_CLASS = YES_ERROR;
				CLANG_WARN_QUOTED_INCLUDE_IN_FRAMEWORK_HEADER = YES;
				CLANG_WARN_RANGE_LOOP_ANALYSIS = YES;
				CLANG_WARN_STRICT_PROTOTYPES = YES;
				CLANG_WARN_SUSPICIOUS_MOVE = YES;
				CLANG_WARN_UNGUARDED_AVAILABILITY = YES_AGGRESSIVE;
				CLANG_WARN_UNREACHABLE_CODE = YES;
				CLANG_WARN__DUPLICATE_METHOD_MATCH = YES;
				COPY_PHASE_STRIP = NO;
				DEBUG_INFORMATION_FORMAT = "dwarf-with-dsym";
				ENABLE_NS_ASSERTIONS = NO;
				ENABLE_STRICT_OBJC_MSGSEND = YES;
				GCC_C_LANGUAGE_STANDARD = gnu11;
				GCC_NO_COMMON_BLOCKS = YES;
				GCC_WARN_64_TO_32_BIT_CONVERSION = YES;
				GCC_WARN_ABOUT_RETURN_TYPE = YES_ERROR;
				GCC_WARN_UNDECLARED_SELECTOR = YES;
				GCC_WARN_UNINITIALIZED_AUTOS = YES_AGGRESSIVE;
				GCC_WARN_UNUSED_FUNCTION = YES;
				GCC_WARN_UNUSED_VARIABLE = YES;
				IPHONEOS_DEPLOYMENT_TARGET = 14.5;
				MTL_ENABLE_DEBUG_INFO = NO;
				MTL_FAST_MATH = YES;
				SDKROOT = iphoneos;
				SWIFT_COMPILATION_MODE = wholemodule;
				SWIFT_OPTIMIZATION_LEVEL = "-O";
				VALIDATE_PRODUCT = YES;
			};
			name = Release;
		};
		6F6B9D2026C2FCC1008D5789 /* Debug */ = {
			isa = XCBuildConfiguration;
			buildSettings = {
				ASSETCATALOG_COMPILER_APPICON_NAME = AppIcon;
				ASSETCATALOG_COMPILER_GLOBAL_ACCENT_COLOR_NAME = AccentColor;
				CODE_SIGN_STYLE = Automatic;
				DEVELOPMENT_ASSET_PATHS = "\"Generic/Preview Content\"";
				DEVELOPMENT_TEAM = X2WSL5XDFL;
				ENABLE_PREVIEWS = YES;
				INFOPLIST_FILE = Generic/Info.plist;
				IPHONEOS_DEPLOYMENT_TARGET = 14.0;
				LD_RUNPATH_SEARCH_PATHS = (
					"$(inherited)",
					"@executable_path/Frameworks",
				);
				PRODUCT_BUNDLE_IDENTIFIER = com.skookum.Generic;
				PRODUCT_NAME = "$(TARGET_NAME)";
				SWIFT_VERSION = 5.0;
				TARGETED_DEVICE_FAMILY = "1,2";
			};
			name = Debug;
		};
		6F6B9D2126C2FCC1008D5789 /* Release */ = {
			isa = XCBuildConfiguration;
			buildSettings = {
				ASSETCATALOG_COMPILER_APPICON_NAME = AppIcon;
				ASSETCATALOG_COMPILER_GLOBAL_ACCENT_COLOR_NAME = AccentColor;
				CODE_SIGN_STYLE = Automatic;
				DEVELOPMENT_ASSET_PATHS = "\"Generic/Preview Content\"";
				DEVELOPMENT_TEAM = X2WSL5XDFL;
				ENABLE_PREVIEWS = YES;
				INFOPLIST_FILE = Generic/Info.plist;
				IPHONEOS_DEPLOYMENT_TARGET = 14.0;
				LD_RUNPATH_SEARCH_PATHS = (
					"$(inherited)",
					"@executable_path/Frameworks",
				);
				PRODUCT_BUNDLE_IDENTIFIER = com.skookum.Generic;
				PRODUCT_NAME = "$(TARGET_NAME)";
				SWIFT_VERSION = 5.0;
				TARGETED_DEVICE_FAMILY = "1,2";
			};
			name = Release;
		};
		6F6B9D2326C2FCC1008D5789 /* Debug */ = {
			isa = XCBuildConfiguration;
			buildSettings = {
				ALWAYS_EMBED_SWIFT_STANDARD_LIBRARIES = YES;
				BUNDLE_LOADER = "$(TEST_HOST)";
				CODE_SIGN_STYLE = Automatic;
				DEVELOPMENT_TEAM = X2WSL5XDFL;
				INFOPLIST_FILE = GenericTests/Info.plist;
				IPHONEOS_DEPLOYMENT_TARGET = 14.0;
				LD_RUNPATH_SEARCH_PATHS = (
					"$(inherited)",
					"@executable_path/Frameworks",
					"@loader_path/Frameworks",
				);
				PRODUCT_BUNDLE_IDENTIFIER = com.skookum.GenericTests;
				PRODUCT_NAME = "$(TARGET_NAME)";
				SWIFT_VERSION = 5.0;
				TARGETED_DEVICE_FAMILY = "1,2";
				TEST_HOST = "$(BUILT_PRODUCTS_DIR)/Generic.app/Generic";
			};
			name = Debug;
		};
		6F6B9D2426C2FCC1008D5789 /* Release */ = {
			isa = XCBuildConfiguration;
			buildSettings = {
				ALWAYS_EMBED_SWIFT_STANDARD_LIBRARIES = YES;
				BUNDLE_LOADER = "$(TEST_HOST)";
				CODE_SIGN_STYLE = Automatic;
				DEVELOPMENT_TEAM = X2WSL5XDFL;
				INFOPLIST_FILE = GenericTests/Info.plist;
				IPHONEOS_DEPLOYMENT_TARGET = 14.0;
				LD_RUNPATH_SEARCH_PATHS = (
					"$(inherited)",
					"@executable_path/Frameworks",
					"@loader_path/Frameworks",
				);
				PRODUCT_BUNDLE_IDENTIFIER = com.skookum.GenericTests;
				PRODUCT_NAME = "$(TARGET_NAME)";
				SWIFT_VERSION = 5.0;
				TARGETED_DEVICE_FAMILY = "1,2";
				TEST_HOST = "$(BUILT_PRODUCTS_DIR)/Generic.app/Generic";
			};
			name = Release;
		};
		6F6B9D2626C2FCC1008D5789 /* Debug */ = {
			isa = XCBuildConfiguration;
			buildSettings = {
				ALWAYS_EMBED_SWIFT_STANDARD_LIBRARIES = YES;
				CODE_SIGN_STYLE = Automatic;
				DEVELOPMENT_TEAM = X2WSL5XDFL;
				INFOPLIST_FILE = GenericUITests/Info.plist;
				LD_RUNPATH_SEARCH_PATHS = (
					"$(inherited)",
					"@executable_path/Frameworks",
					"@loader_path/Frameworks",
				);
				PRODUCT_BUNDLE_IDENTIFIER = com.skookum.GenericUITests;
				PRODUCT_NAME = "$(TARGET_NAME)";
				SWIFT_VERSION = 5.0;
				TARGETED_DEVICE_FAMILY = "1,2";
				TEST_TARGET_NAME = Generic;
			};
			name = Debug;
		};
		6F6B9D2726C2FCC1008D5789 /* Release */ = {
			isa = XCBuildConfiguration;
			buildSettings = {
				ALWAYS_EMBED_SWIFT_STANDARD_LIBRARIES = YES;
				CODE_SIGN_STYLE = Automatic;
				DEVELOPMENT_TEAM = X2WSL5XDFL;
				INFOPLIST_FILE = GenericUITests/Info.plist;
				LD_RUNPATH_SEARCH_PATHS = (
					"$(inherited)",
					"@executable_path/Frameworks",
					"@loader_path/Frameworks",
				);
				PRODUCT_BUNDLE_IDENTIFIER = com.skookum.GenericUITests;
				PRODUCT_NAME = "$(TARGET_NAME)";
				SWIFT_VERSION = 5.0;
				TARGETED_DEVICE_FAMILY = "1,2";
				TEST_TARGET_NAME = Generic;
			};
			name = Release;
		};
/* End XCBuildConfiguration section */

/* Begin XCConfigurationList section */
		6F6B9CF526C2FCBF008D5789 /* Build configuration list for PBXProject "Generic" */ = {
			isa = XCConfigurationList;
			buildConfigurations = (
				6F6B9D1D26C2FCC1008D5789 /* Debug */,
				6F6B9D1E26C2FCC1008D5789 /* Release */,
			);
			defaultConfigurationIsVisible = 0;
			defaultConfigurationName = Release;
		};
		6F6B9D1F26C2FCC1008D5789 /* Build configuration list for PBXNativeTarget "Generic" */ = {
			isa = XCConfigurationList;
			buildConfigurations = (
				6F6B9D2026C2FCC1008D5789 /* Debug */,
				6F6B9D2126C2FCC1008D5789 /* Release */,
			);
			defaultConfigurationIsVisible = 0;
			defaultConfigurationName = Release;
		};
		6F6B9D2226C2FCC1008D5789 /* Build configuration list for PBXNativeTarget "GenericTests" */ = {
			isa = XCConfigurationList;
			buildConfigurations = (
				6F6B9D2326C2FCC1008D5789 /* Debug */,
				6F6B9D2426C2FCC1008D5789 /* Release */,
			);
			defaultConfigurationIsVisible = 0;
			defaultConfigurationName = Release;
		};
		6F6B9D2526C2FCC1008D5789 /* Build configuration list for PBXNativeTarget "GenericUITests" */ = {
			isa = XCConfigurationList;
			buildConfigurations = (
				6F6B9D2626C2FCC1008D5789 /* Debug */,
				6F6B9D2726C2FCC1008D5789 /* Release */,
			);
			defaultConfigurationIsVisible = 0;
			defaultConfigurationName = Release;
		};
/* End XCConfigurationList section */
	};
	rootObject = 6F6B9CF226C2FCBF008D5789 /* Project object */;
}
